// !$*UTF8*$!
{
	archiveVersion = 1;
	classes = {
	};
	objectVersion = 51;
	objects = {

/* Begin PBXBuildFile section */
		080368E4248A637100D1413C /* FunalFloorBackagroundView.swift in Sources */ = {isa = PBXBuildFile; fileRef = 080368E3248A637100D1413C /* FunalFloorBackagroundView.swift */; };
		080368E6248A63EA00D1413C /* FunalFloorBackagroundViewConfigure.swift in Sources */ = {isa = PBXBuildFile; fileRef = 080368E5248A63EA00D1413C /* FunalFloorBackagroundViewConfigure.swift */; };
		080368E8248A7BE300D1413C /* FunalFloorView.swift in Sources */ = {isa = PBXBuildFile; fileRef = 080368E7248A7BE300D1413C /* FunalFloorView.swift */; };
		080368EA248A7C0C00D1413C /* FunalFloorViewConfigure.swift in Sources */ = {isa = PBXBuildFile; fileRef = 080368E9248A7C0C00D1413C /* FunalFloorViewConfigure.swift */; };
		080368EC248A7D5E00D1413C /* DisplayLabelConfigure.swift in Sources */ = {isa = PBXBuildFile; fileRef = 080368EB248A7D5E00D1413C /* DisplayLabelConfigure.swift */; };
		080368EE248A849700D1413C /* FunalView.swift in Sources */ = {isa = PBXBuildFile; fileRef = 080368ED248A849700D1413C /* FunalView.swift */; };
		080368F0248A84C100D1413C /* FunalViewConfigure.swift in Sources */ = {isa = PBXBuildFile; fileRef = 080368EF248A84C100D1413C /* FunalViewConfigure.swift */; };
		08074264249E051E0024D488 /* BubbleChartParameters.swift in Sources */ = {isa = PBXBuildFile; fileRef = 08074263249E051E0024D488 /* BubbleChartParameters.swift */; };
		082E7BED24A0C92900FF1F8B /* RadarBackgroundView.swift in Sources */ = {isa = PBXBuildFile; fileRef = 082E7BEC24A0C92900FF1F8B /* RadarBackgroundView.swift */; };
		082E7BEF24A0C93B00FF1F8B /* RadarBackgroundViewConfigure.swift in Sources */ = {isa = PBXBuildFile; fileRef = 082E7BEE24A0C93B00FF1F8B /* RadarBackgroundViewConfigure.swift */; };
		082E7BF124A0D9E100FF1F8B /* RadarDataView.swift in Sources */ = {isa = PBXBuildFile; fileRef = 082E7BF024A0D9E100FF1F8B /* RadarDataView.swift */; };
		082E7BF324A0D9F000FF1F8B /* RadarDataViewConfigure.swift in Sources */ = {isa = PBXBuildFile; fileRef = 082E7BF224A0D9F000FF1F8B /* RadarDataViewConfigure.swift */; };
		0832B5332489FED000110CBA /* AppDelegate.swift in Sources */ = {isa = PBXBuildFile; fileRef = 0832B5322489FED000110CBA /* AppDelegate.swift */; };
		0832B5352489FED000110CBA /* SceneDelegate.swift in Sources */ = {isa = PBXBuildFile; fileRef = 0832B5342489FED000110CBA /* SceneDelegate.swift */; };
		0832B5372489FED000110CBA /* ViewController.swift in Sources */ = {isa = PBXBuildFile; fileRef = 0832B5362489FED000110CBA /* ViewController.swift */; };
		0832B53A2489FED000110CBA /* Main.storyboard in Resources */ = {isa = PBXBuildFile; fileRef = 0832B5382489FED000110CBA /* Main.storyboard */; };
		0832B53C2489FED100110CBA /* Assets.xcassets in Resources */ = {isa = PBXBuildFile; fileRef = 0832B53B2489FED100110CBA /* Assets.xcassets */; };
		0832B53F2489FED100110CBA /* LaunchScreen.storyboard in Resources */ = {isa = PBXBuildFile; fileRef = 0832B53D2489FED100110CBA /* LaunchScreen.storyboard */; };
		08386C1B248DD97100D0E655 /* ChartError.swift in Sources */ = {isa = PBXBuildFile; fileRef = 08386C1A248DD97100D0E655 /* ChartError.swift */; };
		08386C1E248E12B700D0E655 /* PieSectorView.swift in Sources */ = {isa = PBXBuildFile; fileRef = 08386C1D248E12B700D0E655 /* PieSectorView.swift */; };
		08386C20248E12E300D0E655 /* PieSectorViewConfigure.swift in Sources */ = {isa = PBXBuildFile; fileRef = 08386C1F248E12E300D0E655 /* PieSectorViewConfigure.swift */; };
		08386C22248E236A00D0E655 /* PieView.swift in Sources */ = {isa = PBXBuildFile; fileRef = 08386C21248E236A00D0E655 /* PieView.swift */; };
		08386C24248E238500D0E655 /* PieViewConfigure.swift in Sources */ = {isa = PBXBuildFile; fileRef = 08386C23248E238500D0E655 /* PieViewConfigure.swift */; };
		08386C27248E521200D0E655 /* Notification+PieSectorView.swift in Sources */ = {isa = PBXBuildFile; fileRef = 08386C26248E521200D0E655 /* Notification+PieSectorView.swift */; };
		08386C29248E57AF00D0E655 /* PieViews.swift in Sources */ = {isa = PBXBuildFile; fileRef = 08386C28248E57AF00D0E655 /* PieViews.swift */; };
		08386C2B248E580400D0E655 /* PieViewsConfigure.swift in Sources */ = {isa = PBXBuildFile; fileRef = 08386C2A248E580400D0E655 /* PieViewsConfigure.swift */; };
		0839B64324FBC1C700E59F6B /* LiteChartDispatchQueue.swift in Sources */ = {isa = PBXBuildFile; fileRef = 0839B64224FBC1C700E59F6B /* LiteChartDispatchQueue.swift */; };
		083BC8E5249085BC000B8DDE /* AxisView.swift in Sources */ = {isa = PBXBuildFile; fileRef = 083BC8E4249085BC000B8DDE /* AxisView.swift */; };
		083BC8E72490865E000B8DDE /* AxisViewConfigure.swift in Sources */ = {isa = PBXBuildFile; fileRef = 083BC8E62490865E000B8DDE /* AxisViewConfigure.swift */; };
		083BC8EB24908974000B8DDE /* AxisViewLineStyle.swift in Sources */ = {isa = PBXBuildFile; fileRef = 083BC8EA24908974000B8DDE /* AxisViewLineStyle.swift */; };
		083BC8ED24908A50000B8DDE /* AxisDividingLineConfigure.swift in Sources */ = {isa = PBXBuildFile; fileRef = 083BC8EC24908A50000B8DDE /* AxisDividingLineConfigure.swift */; };
		083BC8EF2490C260000B8DDE /* AxisViewBorderStyle.swift in Sources */ = {isa = PBXBuildFile; fileRef = 083BC8EE2490C260000B8DDE /* AxisViewBorderStyle.swift */; };
		08433EB424E394BC0089FB6D /* LegendFactory.swift in Sources */ = {isa = PBXBuildFile; fileRef = 08433EB324E394BB0089FB6D /* LegendFactory.swift */; };
		085787632498780300A95D16 /* DisplayLabelTextDirection.swift in Sources */ = {isa = PBXBuildFile; fileRef = 085787622498780300A95D16 /* DisplayLabelTextDirection.swift */; };
		08596E2F2499145400A3FC18 /* LineView.swift in Sources */ = {isa = PBXBuildFile; fileRef = 08596E2E2499145400A3FC18 /* LineView.swift */; };
		08596E312499145F00A3FC18 /* LineViewConfigure.swift in Sources */ = {isa = PBXBuildFile; fileRef = 08596E302499145F00A3FC18 /* LineViewConfigure.swift */; };
		08596E332499156200A3FC18 /* LineStyle.swift in Sources */ = {isa = PBXBuildFile; fileRef = 08596E322499156200A3FC18 /* LineStyle.swift */; };
		085CFE7724920C4B008E0E0E /* BarChartDirection.swift in Sources */ = {isa = PBXBuildFile; fileRef = 085CFE7624920C4B008E0E0E /* BarChartDirection.swift */; };
		085CFE7924922D4C008E0E0E /* LiteChartViewBorderStyle.swift in Sources */ = {isa = PBXBuildFile; fileRef = 085CFE7824922D4C008E0E0E /* LiteChartViewBorderStyle.swift */; };
		0866FDC42489FF4E004AF645 /* DisplayLabel.swift in Sources */ = {isa = PBXBuildFile; fileRef = 0866FDBF2489FF4E004AF645 /* DisplayLabel.swift */; };
		0866FDC52489FF4E004AF645 /* UIColor+Utilities.swift in Sources */ = {isa = PBXBuildFile; fileRef = 0866FDC12489FF4E004AF645 /* UIColor+Utilities.swift */; };
		0866FDC62489FF4E004AF645 /* LiteChartDarkLightColor.swift in Sources */ = {isa = PBXBuildFile; fileRef = 0866FDC22489FF4E004AF645 /* LiteChartDarkLightColor.swift */; };
		0866FDC72489FF4E004AF645 /* LiteChartColor.swift in Sources */ = {isa = PBXBuildFile; fileRef = 0866FDC32489FF4E004AF645 /* LiteChartColor.swift */; };
		0876A4E4248CCCE40015289B /* FunalChartParameters.swift in Sources */ = {isa = PBXBuildFile; fileRef = 0876A4E3248CCCE40015289B /* FunalChartParameters.swift */; };
		0876A4E7248CD4110015289B /* ChartValueDisplayMode.swift in Sources */ = {isa = PBXBuildFile; fileRef = 0876A4E6248CD4110015289B /* ChartValueDisplayMode.swift */; };
		0876ADB124FCC56E0089A34D /* DisplayLabelSyncIdentifier.swift in Sources */ = {isa = PBXBuildFile; fileRef = 0876ADB024FCC56E0089A34D /* DisplayLabelSyncIdentifier.swift */; };
		0876ADB524FD526D0089A34D /* DisplayLabelSyncCenter.swift in Sources */ = {isa = PBXBuildFile; fileRef = 0876ADB424FD526D0089A34D /* DisplayLabelSyncCenter.swift */; };
		0876ADB924FDD47C0089A34D /* WeakObjectPackage.swift in Sources */ = {isa = PBXBuildFile; fileRef = 0876ADB824FDD47C0089A34D /* WeakObjectPackage.swift */; };
		0876ADBB24FE18110089A34D /* Notification+SyncLabel.swift in Sources */ = {isa = PBXBuildFile; fileRef = 0876ADBA24FE18110089A34D /* Notification+SyncLabel.swift */; };
		087DEA8D248E736A001A40B9 /* LiteChartView.swift in Sources */ = {isa = PBXBuildFile; fileRef = 087DEA8C248E736A001A40B9 /* LiteChartView.swift */; };
		087DEA8F248E7571001A40B9 /* LiteChartViewParameters.swift in Sources */ = {isa = PBXBuildFile; fileRef = 087DEA8E248E7571001A40B9 /* LiteChartViewParameters.swift */; };
		087DEA96248E7D6B001A40B9 /* LiteChartDatas.swift in Sources */ = {isa = PBXBuildFile; fileRef = 087DEA95248E7D6B001A40B9 /* LiteChartDatas.swift */; };
		087DEA98248E824F001A40B9 /* LiteChartParametersProcesser.swift in Sources */ = {isa = PBXBuildFile; fileRef = 087DEA97248E824F001A40B9 /* LiteChartParametersProcesser.swift */; };
		088A2589249A233C00B533D3 /* LineViews.swift in Sources */ = {isa = PBXBuildFile; fileRef = 088A2588249A233C00B533D3 /* LineViews.swift */; };
		088A258B249A235700B533D3 /* LineViewsConfigure.swift in Sources */ = {isa = PBXBuildFile; fileRef = 088A258A249A235700B533D3 /* LineViewsConfigure.swift */; };
		088A258D249A257300B533D3 /* LineChartView.swift in Sources */ = {isa = PBXBuildFile; fileRef = 088A258C249A257300B533D3 /* LineChartView.swift */; };
		088A258F249A25F600B533D3 /* LineChartViewConfigure.swift in Sources */ = {isa = PBXBuildFile; fileRef = 088A258E249A25F600B533D3 /* LineChartViewConfigure.swift */; };
		08A5449625221C3700772F65 /* Notification+RadarView.swift in Sources */ = {isa = PBXBuildFile; fileRef = 08A5449525221C3700772F65 /* Notification+RadarView.swift */; };
		08A756BF249DC23600BAEBC1 /* PointsView.swift in Sources */ = {isa = PBXBuildFile; fileRef = 08A756BE249DC23600BAEBC1 /* PointsView.swift */; };
		08A756C1249DC25500BAEBC1 /* PointsViewConfigure.swift in Sources */ = {isa = PBXBuildFile; fileRef = 08A756C0249DC25500BAEBC1 /* PointsViewConfigure.swift */; };
		08A756C3249DC2EC00BAEBC1 /* PointConfigure.swift in Sources */ = {isa = PBXBuildFile; fileRef = 08A756C2249DC2EC00BAEBC1 /* PointConfigure.swift */; };
		08A756C5249DDB2B00BAEBC1 /* PointViews.swift in Sources */ = {isa = PBXBuildFile; fileRef = 08A756C4249DDB2B00BAEBC1 /* PointViews.swift */; };
		08A756C7249DDB3900BAEBC1 /* PointViewsConfigure.swift in Sources */ = {isa = PBXBuildFile; fileRef = 08A756C6249DDB3900BAEBC1 /* PointViewsConfigure.swift */; };
		08A756C9249DDC9E00BAEBC1 /* PlotChartView.swift in Sources */ = {isa = PBXBuildFile; fileRef = 08A756C8249DDC9E00BAEBC1 /* PlotChartView.swift */; };
		08A756CB249DDCFC00BAEBC1 /* PlotChartViewConfigure.swift in Sources */ = {isa = PBXBuildFile; fileRef = 08A756CA249DDCFC00BAEBC1 /* PlotChartViewConfigure.swift */; };
		08A756CD249DEA4200BAEBC1 /* ScatterPlotChartParameters.swift in Sources */ = {isa = PBXBuildFile; fileRef = 08A756CC249DEA4200BAEBC1 /* ScatterPlotChartParameters.swift */; };
		08D0D466248F1CBB00E03C4B /* ChartTitleDisplayLocation.swift in Sources */ = {isa = PBXBuildFile; fileRef = 08D0D465248F1CBB00E03C4B /* ChartTitleDisplayLocation.swift */; };
		08F2ACCD25230CF0009D9D55 /* AxisViewBorderMaskLayerDelegate.swift in Sources */ = {isa = PBXBuildFile; fileRef = 08F2ACCC25230CF0009D9D55 /* AxisViewBorderMaskLayerDelegate.swift */; };
		08F2ACD0252319F4009D9D55 /* AxisViewContentLayerDelegate.swift in Sources */ = {isa = PBXBuildFile; fileRef = 08F2ACCF252319F3009D9D55 /* AxisViewContentLayerDelegate.swift */; };
		08F56E5E248B52F4000998F8 /* Legend.swift in Sources */ = {isa = PBXBuildFile; fileRef = 08F56E5D248B52F4000998F8 /* Legend.swift */; };
		08F56E60248B532F000998F8 /* SquareLegend.swift in Sources */ = {isa = PBXBuildFile; fileRef = 08F56E5F248B532F000998F8 /* SquareLegend.swift */; };
		08F56E62248B534B000998F8 /* LegendConfigure.swift in Sources */ = {isa = PBXBuildFile; fileRef = 08F56E61248B534B000998F8 /* LegendConfigure.swift */; };
		08F56E66248B6C7F000998F8 /* LegendView.swift in Sources */ = {isa = PBXBuildFile; fileRef = 08F56E65248B6C7F000998F8 /* LegendView.swift */; };
		08F56E68248B6C8C000998F8 /* LegendViewConfigure.swift in Sources */ = {isa = PBXBuildFile; fileRef = 08F56E67248B6C8C000998F8 /* LegendViewConfigure.swift */; };
		08F56E6A248B77B0000998F8 /* LegendViews.swift in Sources */ = {isa = PBXBuildFile; fileRef = 08F56E69248B77B0000998F8 /* LegendViews.swift */; };
		08F56E6C248B77CF000998F8 /* LegendViewsConfigure.swift in Sources */ = {isa = PBXBuildFile; fileRef = 08F56E6B248B77CF000998F8 /* LegendViewsConfigure.swift */; };
		08FF1A0E2491D67300AE05F9 /* BarView.swift in Sources */ = {isa = PBXBuildFile; fileRef = 08FF1A0D2491D67300AE05F9 /* BarView.swift */; };
		08FF1A102491D75300AE05F9 /* BarViewConfigure.swift in Sources */ = {isa = PBXBuildFile; fileRef = 08FF1A0F2491D75300AE05F9 /* BarViewConfigure.swift */; };
		08FF1A122491E18400AE05F9 /* BarViews.swift in Sources */ = {isa = PBXBuildFile; fileRef = 08FF1A112491E18400AE05F9 /* BarViews.swift */; };
		08FF1A142491E29900AE05F9 /* BarViewsConfigure.swift in Sources */ = {isa = PBXBuildFile; fileRef = 08FF1A132491E29900AE05F9 /* BarViewsConfigure.swift */; };
		08FF1A162492030F00AE05F9 /* BarChartView.swift in Sources */ = {isa = PBXBuildFile; fileRef = 08FF1A152492030F00AE05F9 /* BarChartView.swift */; };
		08FF1A182492034900AE05F9 /* BarChartParameter.swift in Sources */ = {isa = PBXBuildFile; fileRef = 08FF1A172492034900AE05F9 /* BarChartParameter.swift */; };
		08FF1A1A2492037200AE05F9 /* BarChartViewConfigure.swift in Sources */ = {isa = PBXBuildFile; fileRef = 08FF1A192492037200AE05F9 /* BarChartViewConfigure.swift */; };
		3651576EBA66A2D1A7696981 /* Pods_LiteChart.framework in Frameworks */ = {isa = PBXBuildFile; fileRef = 931E2C31F17A820D52C1B523 /* Pods_LiteChart.framework */; };
		F501A68A24A1EAB6007FD6DF /* RadarChartView.swift in Sources */ = {isa = PBXBuildFile; fileRef = F501A68924A1EAB6007FD6DF /* RadarChartView.swift */; };
		F501A68C24A1EACA007FD6DF /* RadarChartViewConfigure.swift in Sources */ = {isa = PBXBuildFile; fileRef = F501A68B24A1EACA007FD6DF /* RadarChartViewConfigure.swift */; };
		F501A68E24A235BB007FD6DF /* RadarChartParameters.swift in Sources */ = {isa = PBXBuildFile; fileRef = F501A68D24A235BB007FD6DF /* RadarChartParameters.swift */; };
		F565C5EF249A5F95009527E0 /* LineChartParameters.swift in Sources */ = {isa = PBXBuildFile; fileRef = F565C5EE249A5F95009527E0 /* LineChartParameters.swift */; };
		F56C1939249863BE00A002AE /* TriangleLegend.swift in Sources */ = {isa = PBXBuildFile; fileRef = F56C1938249863BE00A002AE /* TriangleLegend.swift */; };
		F56C193B24986AD800A002AE /* CircleLegend.swift in Sources */ = {isa = PBXBuildFile; fileRef = F56C193A24986AD800A002AE /* CircleLegend.swift */; };
		F56C193D2498713F00A002AE /* PentagramLegend.swift in Sources */ = {isa = PBXBuildFile; fileRef = F56C193C2498713F00A002AE /* PentagramLegend.swift */; };
		F56C193F249874C100A002AE /* HexagonLegend.swift in Sources */ = {isa = PBXBuildFile; fileRef = F56C193E249874C100A002AE /* HexagonLegend.swift */; };
		F5DFCC88248F88B900FB000C /* PieChartParameters.swift in Sources */ = {isa = PBXBuildFile; fileRef = F5DFCC87248F88B900FB000C /* PieChartParameters.swift */; };
/* End PBXBuildFile section */

/* Begin PBXFileReference section */
		080368E3248A637100D1413C /* FunalFloorBackagroundView.swift */ = {isa = PBXFileReference; lastKnownFileType = sourcecode.swift; path = FunalFloorBackagroundView.swift; sourceTree = "<group>"; };
		080368E5248A63EA00D1413C /* FunalFloorBackagroundViewConfigure.swift */ = {isa = PBXFileReference; lastKnownFileType = sourcecode.swift; path = FunalFloorBackagroundViewConfigure.swift; sourceTree = "<group>"; };
		080368E7248A7BE300D1413C /* FunalFloorView.swift */ = {isa = PBXFileReference; lastKnownFileType = sourcecode.swift; path = FunalFloorView.swift; sourceTree = "<group>"; };
		080368E9248A7C0C00D1413C /* FunalFloorViewConfigure.swift */ = {isa = PBXFileReference; lastKnownFileType = sourcecode.swift; path = FunalFloorViewConfigure.swift; sourceTree = "<group>"; };
		080368EB248A7D5E00D1413C /* DisplayLabelConfigure.swift */ = {isa = PBXFileReference; lastKnownFileType = sourcecode.swift; path = DisplayLabelConfigure.swift; sourceTree = "<group>"; };
		080368ED248A849700D1413C /* FunalView.swift */ = {isa = PBXFileReference; lastKnownFileType = sourcecode.swift; path = FunalView.swift; sourceTree = "<group>"; };
		080368EF248A84C100D1413C /* FunalViewConfigure.swift */ = {isa = PBXFileReference; lastKnownFileType = sourcecode.swift; path = FunalViewConfigure.swift; sourceTree = "<group>"; };
		08074263249E051E0024D488 /* BubbleChartParameters.swift */ = {isa = PBXFileReference; lastKnownFileType = sourcecode.swift; path = BubbleChartParameters.swift; sourceTree = "<group>"; };
		082E7BEC24A0C92900FF1F8B /* RadarBackgroundView.swift */ = {isa = PBXFileReference; lastKnownFileType = sourcecode.swift; path = RadarBackgroundView.swift; sourceTree = "<group>"; };
		082E7BEE24A0C93B00FF1F8B /* RadarBackgroundViewConfigure.swift */ = {isa = PBXFileReference; lastKnownFileType = sourcecode.swift; path = RadarBackgroundViewConfigure.swift; sourceTree = "<group>"; };
		082E7BF024A0D9E100FF1F8B /* RadarDataView.swift */ = {isa = PBXFileReference; lastKnownFileType = sourcecode.swift; path = RadarDataView.swift; sourceTree = "<group>"; };
		082E7BF224A0D9F000FF1F8B /* RadarDataViewConfigure.swift */ = {isa = PBXFileReference; lastKnownFileType = sourcecode.swift; path = RadarDataViewConfigure.swift; sourceTree = "<group>"; };
		0832B52F2489FED000110CBA /* LiteChart.app */ = {isa = PBXFileReference; explicitFileType = wrapper.application; includeInIndex = 0; path = LiteChart.app; sourceTree = BUILT_PRODUCTS_DIR; };
		0832B5322489FED000110CBA /* AppDelegate.swift */ = {isa = PBXFileReference; lastKnownFileType = sourcecode.swift; path = AppDelegate.swift; sourceTree = "<group>"; };
		0832B5342489FED000110CBA /* SceneDelegate.swift */ = {isa = PBXFileReference; lastKnownFileType = sourcecode.swift; path = SceneDelegate.swift; sourceTree = "<group>"; };
		0832B5362489FED000110CBA /* ViewController.swift */ = {isa = PBXFileReference; lastKnownFileType = sourcecode.swift; path = ViewController.swift; sourceTree = "<group>"; };
		0832B5392489FED000110CBA /* Base */ = {isa = PBXFileReference; lastKnownFileType = file.storyboard; name = Base; path = Base.lproj/Main.storyboard; sourceTree = "<group>"; };
		0832B53B2489FED100110CBA /* Assets.xcassets */ = {isa = PBXFileReference; lastKnownFileType = folder.assetcatalog; path = Assets.xcassets; sourceTree = "<group>"; };
		0832B53E2489FED100110CBA /* Base */ = {isa = PBXFileReference; lastKnownFileType = file.storyboard; name = Base; path = Base.lproj/LaunchScreen.storyboard; sourceTree = "<group>"; };
		0832B5402489FED100110CBA /* Info.plist */ = {isa = PBXFileReference; lastKnownFileType = text.plist.xml; path = Info.plist; sourceTree = "<group>"; };
		08386C1A248DD97100D0E655 /* ChartError.swift */ = {isa = PBXFileReference; lastKnownFileType = sourcecode.swift; path = ChartError.swift; sourceTree = "<group>"; };
		08386C1D248E12B700D0E655 /* PieSectorView.swift */ = {isa = PBXFileReference; lastKnownFileType = sourcecode.swift; path = PieSectorView.swift; sourceTree = "<group>"; };
		08386C1F248E12E300D0E655 /* PieSectorViewConfigure.swift */ = {isa = PBXFileReference; lastKnownFileType = sourcecode.swift; path = PieSectorViewConfigure.swift; sourceTree = "<group>"; };
		08386C21248E236A00D0E655 /* PieView.swift */ = {isa = PBXFileReference; lastKnownFileType = sourcecode.swift; path = PieView.swift; sourceTree = "<group>"; };
		08386C23248E238500D0E655 /* PieViewConfigure.swift */ = {isa = PBXFileReference; lastKnownFileType = sourcecode.swift; path = PieViewConfigure.swift; sourceTree = "<group>"; };
		08386C26248E521200D0E655 /* Notification+PieSectorView.swift */ = {isa = PBXFileReference; lastKnownFileType = sourcecode.swift; path = "Notification+PieSectorView.swift"; sourceTree = "<group>"; };
		08386C28248E57AF00D0E655 /* PieViews.swift */ = {isa = PBXFileReference; lastKnownFileType = sourcecode.swift; path = PieViews.swift; sourceTree = "<group>"; };
		08386C2A248E580400D0E655 /* PieViewsConfigure.swift */ = {isa = PBXFileReference; lastKnownFileType = sourcecode.swift; path = PieViewsConfigure.swift; sourceTree = "<group>"; };
		0839B64224FBC1C700E59F6B /* LiteChartDispatchQueue.swift */ = {isa = PBXFileReference; lastKnownFileType = sourcecode.swift; path = LiteChartDispatchQueue.swift; sourceTree = "<group>"; };
		083BC8E4249085BC000B8DDE /* AxisView.swift */ = {isa = PBXFileReference; lastKnownFileType = sourcecode.swift; path = AxisView.swift; sourceTree = "<group>"; };
		083BC8E62490865E000B8DDE /* AxisViewConfigure.swift */ = {isa = PBXFileReference; lastKnownFileType = sourcecode.swift; path = AxisViewConfigure.swift; sourceTree = "<group>"; };
		083BC8EA24908974000B8DDE /* AxisViewLineStyle.swift */ = {isa = PBXFileReference; lastKnownFileType = sourcecode.swift; path = AxisViewLineStyle.swift; sourceTree = "<group>"; };
		083BC8EC24908A50000B8DDE /* AxisDividingLineConfigure.swift */ = {isa = PBXFileReference; lastKnownFileType = sourcecode.swift; path = AxisDividingLineConfigure.swift; sourceTree = "<group>"; };
		083BC8EE2490C260000B8DDE /* AxisViewBorderStyle.swift */ = {isa = PBXFileReference; lastKnownFileType = sourcecode.swift; path = AxisViewBorderStyle.swift; sourceTree = "<group>"; };
		08433EB324E394BB0089FB6D /* LegendFactory.swift */ = {isa = PBXFileReference; lastKnownFileType = sourcecode.swift; path = LegendFactory.swift; sourceTree = "<group>"; };
		085787622498780300A95D16 /* DisplayLabelTextDirection.swift */ = {isa = PBXFileReference; lastKnownFileType = sourcecode.swift; path = DisplayLabelTextDirection.swift; sourceTree = "<group>"; };
		08596E2E2499145400A3FC18 /* LineView.swift */ = {isa = PBXFileReference; lastKnownFileType = sourcecode.swift; path = LineView.swift; sourceTree = "<group>"; };
		08596E302499145F00A3FC18 /* LineViewConfigure.swift */ = {isa = PBXFileReference; lastKnownFileType = sourcecode.swift; path = LineViewConfigure.swift; sourceTree = "<group>"; };
		08596E322499156200A3FC18 /* LineStyle.swift */ = {isa = PBXFileReference; lastKnownFileType = sourcecode.swift; path = LineStyle.swift; sourceTree = "<group>"; };
		085CFE7624920C4B008E0E0E /* BarChartDirection.swift */ = {isa = PBXFileReference; lastKnownFileType = sourcecode.swift; path = BarChartDirection.swift; sourceTree = "<group>"; };
		085CFE7824922D4C008E0E0E /* LiteChartViewBorderStyle.swift */ = {isa = PBXFileReference; lastKnownFileType = sourcecode.swift; path = LiteChartViewBorderStyle.swift; sourceTree = "<group>"; };
		0866FDBF2489FF4E004AF645 /* DisplayLabel.swift */ = {isa = PBXFileReference; fileEncoding = 4; lastKnownFileType = sourcecode.swift; path = DisplayLabel.swift; sourceTree = "<group>"; };
		0866FDC12489FF4E004AF645 /* UIColor+Utilities.swift */ = {isa = PBXFileReference; fileEncoding = 4; lastKnownFileType = sourcecode.swift; path = "UIColor+Utilities.swift"; sourceTree = "<group>"; };
		0866FDC22489FF4E004AF645 /* LiteChartDarkLightColor.swift */ = {isa = PBXFileReference; fileEncoding = 4; lastKnownFileType = sourcecode.swift; path = LiteChartDarkLightColor.swift; sourceTree = "<group>"; };
		0866FDC32489FF4E004AF645 /* LiteChartColor.swift */ = {isa = PBXFileReference; fileEncoding = 4; lastKnownFileType = sourcecode.swift; path = LiteChartColor.swift; sourceTree = "<group>"; };
		0876A4E3248CCCE40015289B /* FunalChartParameters.swift */ = {isa = PBXFileReference; lastKnownFileType = sourcecode.swift; path = FunalChartParameters.swift; sourceTree = "<group>"; };
		0876A4E6248CD4110015289B /* ChartValueDisplayMode.swift */ = {isa = PBXFileReference; lastKnownFileType = sourcecode.swift; path = ChartValueDisplayMode.swift; sourceTree = "<group>"; };
		0876ADB024FCC56E0089A34D /* DisplayLabelSyncIdentifier.swift */ = {isa = PBXFileReference; lastKnownFileType = sourcecode.swift; path = DisplayLabelSyncIdentifier.swift; sourceTree = "<group>"; };
		0876ADB424FD526D0089A34D /* DisplayLabelSyncCenter.swift */ = {isa = PBXFileReference; lastKnownFileType = sourcecode.swift; path = DisplayLabelSyncCenter.swift; sourceTree = "<group>"; };
		0876ADB824FDD47C0089A34D /* WeakObjectPackage.swift */ = {isa = PBXFileReference; lastKnownFileType = sourcecode.swift; path = WeakObjectPackage.swift; sourceTree = "<group>"; };
		0876ADBA24FE18110089A34D /* Notification+SyncLabel.swift */ = {isa = PBXFileReference; lastKnownFileType = sourcecode.swift; path = "Notification+SyncLabel.swift"; sourceTree = "<group>"; };
		087DEA8C248E736A001A40B9 /* LiteChartView.swift */ = {isa = PBXFileReference; lastKnownFileType = sourcecode.swift; path = LiteChartView.swift; sourceTree = "<group>"; };
		087DEA8E248E7571001A40B9 /* LiteChartViewParameters.swift */ = {isa = PBXFileReference; lastKnownFileType = sourcecode.swift; path = LiteChartViewParameters.swift; sourceTree = "<group>"; };
		087DEA95248E7D6B001A40B9 /* LiteChartDatas.swift */ = {isa = PBXFileReference; lastKnownFileType = sourcecode.swift; path = LiteChartDatas.swift; sourceTree = "<group>"; };
		087DEA97248E824F001A40B9 /* LiteChartParametersProcesser.swift */ = {isa = PBXFileReference; lastKnownFileType = sourcecode.swift; path = LiteChartParametersProcesser.swift; sourceTree = "<group>"; };
		088A2588249A233C00B533D3 /* LineViews.swift */ = {isa = PBXFileReference; lastKnownFileType = sourcecode.swift; path = LineViews.swift; sourceTree = "<group>"; };
		088A258A249A235700B533D3 /* LineViewsConfigure.swift */ = {isa = PBXFileReference; lastKnownFileType = sourcecode.swift; path = LineViewsConfigure.swift; sourceTree = "<group>"; };
		088A258C249A257300B533D3 /* LineChartView.swift */ = {isa = PBXFileReference; lastKnownFileType = sourcecode.swift; path = LineChartView.swift; sourceTree = "<group>"; };
		088A258E249A25F600B533D3 /* LineChartViewConfigure.swift */ = {isa = PBXFileReference; lastKnownFileType = sourcecode.swift; path = LineChartViewConfigure.swift; sourceTree = "<group>"; };
		08A5449525221C3700772F65 /* Notification+RadarView.swift */ = {isa = PBXFileReference; lastKnownFileType = sourcecode.swift; path = "Notification+RadarView.swift"; sourceTree = "<group>"; };
		08A756BE249DC23600BAEBC1 /* PointsView.swift */ = {isa = PBXFileReference; lastKnownFileType = sourcecode.swift; path = PointsView.swift; sourceTree = "<group>"; };
		08A756C0249DC25500BAEBC1 /* PointsViewConfigure.swift */ = {isa = PBXFileReference; lastKnownFileType = sourcecode.swift; path = PointsViewConfigure.swift; sourceTree = "<group>"; };
		08A756C2249DC2EC00BAEBC1 /* PointConfigure.swift */ = {isa = PBXFileReference; lastKnownFileType = sourcecode.swift; path = PointConfigure.swift; sourceTree = "<group>"; };
		08A756C4249DDB2B00BAEBC1 /* PointViews.swift */ = {isa = PBXFileReference; lastKnownFileType = sourcecode.swift; path = PointViews.swift; sourceTree = "<group>"; };
		08A756C6249DDB3900BAEBC1 /* PointViewsConfigure.swift */ = {isa = PBXFileReference; lastKnownFileType = sourcecode.swift; path = PointViewsConfigure.swift; sourceTree = "<group>"; };
		08A756C8249DDC9E00BAEBC1 /* PlotChartView.swift */ = {isa = PBXFileReference; lastKnownFileType = sourcecode.swift; path = PlotChartView.swift; sourceTree = "<group>"; };
		08A756CA249DDCFC00BAEBC1 /* PlotChartViewConfigure.swift */ = {isa = PBXFileReference; lastKnownFileType = sourcecode.swift; path = PlotChartViewConfigure.swift; sourceTree = "<group>"; };
		08A756CC249DEA4200BAEBC1 /* ScatterPlotChartParameters.swift */ = {isa = PBXFileReference; lastKnownFileType = sourcecode.swift; path = ScatterPlotChartParameters.swift; sourceTree = "<group>"; };
		08D0D465248F1CBB00E03C4B /* ChartTitleDisplayLocation.swift */ = {isa = PBXFileReference; fileEncoding = 4; lastKnownFileType = sourcecode.swift; path = ChartTitleDisplayLocation.swift; sourceTree = "<group>"; };
		08F2ACCC25230CF0009D9D55 /* AxisViewBorderMaskLayerDelegate.swift */ = {isa = PBXFileReference; fileEncoding = 4; lastKnownFileType = sourcecode.swift; path = AxisViewBorderMaskLayerDelegate.swift; sourceTree = "<group>"; };
		08F2ACCF252319F3009D9D55 /* AxisViewContentLayerDelegate.swift */ = {isa = PBXFileReference; lastKnownFileType = sourcecode.swift; path = AxisViewContentLayerDelegate.swift; sourceTree = "<group>"; };
		08F56E5D248B52F4000998F8 /* Legend.swift */ = {isa = PBXFileReference; lastKnownFileType = sourcecode.swift; path = Legend.swift; sourceTree = "<group>"; };
		08F56E5F248B532F000998F8 /* SquareLegend.swift */ = {isa = PBXFileReference; lastKnownFileType = sourcecode.swift; path = SquareLegend.swift; sourceTree = "<group>"; };
		08F56E61248B534B000998F8 /* LegendConfigure.swift */ = {isa = PBXFileReference; lastKnownFileType = sourcecode.swift; path = LegendConfigure.swift; sourceTree = "<group>"; };
		08F56E65248B6C7F000998F8 /* LegendView.swift */ = {isa = PBXFileReference; lastKnownFileType = sourcecode.swift; path = LegendView.swift; sourceTree = "<group>"; };
		08F56E67248B6C8C000998F8 /* LegendViewConfigure.swift */ = {isa = PBXFileReference; lastKnownFileType = sourcecode.swift; path = LegendViewConfigure.swift; sourceTree = "<group>"; };
		08F56E69248B77B0000998F8 /* LegendViews.swift */ = {isa = PBXFileReference; lastKnownFileType = sourcecode.swift; path = LegendViews.swift; sourceTree = "<group>"; };
		08F56E6B248B77CF000998F8 /* LegendViewsConfigure.swift */ = {isa = PBXFileReference; lastKnownFileType = sourcecode.swift; path = LegendViewsConfigure.swift; sourceTree = "<group>"; };
		08FF1A0D2491D67300AE05F9 /* BarView.swift */ = {isa = PBXFileReference; lastKnownFileType = sourcecode.swift; path = BarView.swift; sourceTree = "<group>"; };
		08FF1A0F2491D75300AE05F9 /* BarViewConfigure.swift */ = {isa = PBXFileReference; lastKnownFileType = sourcecode.swift; path = BarViewConfigure.swift; sourceTree = "<group>"; };
		08FF1A112491E18400AE05F9 /* BarViews.swift */ = {isa = PBXFileReference; lastKnownFileType = sourcecode.swift; path = BarViews.swift; sourceTree = "<group>"; };
		08FF1A132491E29900AE05F9 /* BarViewsConfigure.swift */ = {isa = PBXFileReference; lastKnownFileType = sourcecode.swift; path = BarViewsConfigure.swift; sourceTree = "<group>"; };
		08FF1A152492030F00AE05F9 /* BarChartView.swift */ = {isa = PBXFileReference; lastKnownFileType = sourcecode.swift; path = BarChartView.swift; sourceTree = "<group>"; };
		08FF1A172492034900AE05F9 /* BarChartParameter.swift */ = {isa = PBXFileReference; lastKnownFileType = sourcecode.swift; path = BarChartParameter.swift; sourceTree = "<group>"; };
		08FF1A192492037200AE05F9 /* BarChartViewConfigure.swift */ = {isa = PBXFileReference; lastKnownFileType = sourcecode.swift; path = BarChartViewConfigure.swift; sourceTree = "<group>"; };
		3F4ADBC0C25B32D99135C5E9 /* Pods-LiteChart.debug.xcconfig */ = {isa = PBXFileReference; includeInIndex = 1; lastKnownFileType = text.xcconfig; name = "Pods-LiteChart.debug.xcconfig"; path = "Target Support Files/Pods-LiteChart/Pods-LiteChart.debug.xcconfig"; sourceTree = "<group>"; };
		43F7A81B793962FBDD890E0A /* Pods-LiteChart.release.xcconfig */ = {isa = PBXFileReference; includeInIndex = 1; lastKnownFileType = text.xcconfig; name = "Pods-LiteChart.release.xcconfig"; path = "Target Support Files/Pods-LiteChart/Pods-LiteChart.release.xcconfig"; sourceTree = "<group>"; };
		931E2C31F17A820D52C1B523 /* Pods_LiteChart.framework */ = {isa = PBXFileReference; explicitFileType = wrapper.framework; includeInIndex = 0; path = Pods_LiteChart.framework; sourceTree = BUILT_PRODUCTS_DIR; };
		F501A68924A1EAB6007FD6DF /* RadarChartView.swift */ = {isa = PBXFileReference; lastKnownFileType = sourcecode.swift; path = RadarChartView.swift; sourceTree = "<group>"; };
		F501A68B24A1EACA007FD6DF /* RadarChartViewConfigure.swift */ = {isa = PBXFileReference; lastKnownFileType = sourcecode.swift; path = RadarChartViewConfigure.swift; sourceTree = "<group>"; };
		F501A68D24A235BB007FD6DF /* RadarChartParameters.swift */ = {isa = PBXFileReference; lastKnownFileType = sourcecode.swift; path = RadarChartParameters.swift; sourceTree = "<group>"; };
		F565C5EE249A5F95009527E0 /* LineChartParameters.swift */ = {isa = PBXFileReference; lastKnownFileType = sourcecode.swift; path = LineChartParameters.swift; sourceTree = "<group>"; };
		F56C1938249863BE00A002AE /* TriangleLegend.swift */ = {isa = PBXFileReference; lastKnownFileType = sourcecode.swift; path = TriangleLegend.swift; sourceTree = "<group>"; };
		F56C193A24986AD800A002AE /* CircleLegend.swift */ = {isa = PBXFileReference; lastKnownFileType = sourcecode.swift; path = CircleLegend.swift; sourceTree = "<group>"; };
		F56C193C2498713F00A002AE /* PentagramLegend.swift */ = {isa = PBXFileReference; lastKnownFileType = sourcecode.swift; path = PentagramLegend.swift; sourceTree = "<group>"; };
		F56C193E249874C100A002AE /* HexagonLegend.swift */ = {isa = PBXFileReference; lastKnownFileType = sourcecode.swift; path = HexagonLegend.swift; sourceTree = "<group>"; };
		F5DFCC87248F88B900FB000C /* PieChartParameters.swift */ = {isa = PBXFileReference; lastKnownFileType = sourcecode.swift; path = PieChartParameters.swift; sourceTree = "<group>"; };
/* End PBXFileReference section */

/* Begin PBXFrameworksBuildPhase section */
		0832B52C2489FED000110CBA /* Frameworks */ = {
			isa = PBXFrameworksBuildPhase;
			buildActionMask = 2147483647;
			files = (
				3651576EBA66A2D1A7696981 /* Pods_LiteChart.framework in Frameworks */,
			);
			runOnlyForDeploymentPostprocessing = 0;
		};
/* End PBXFrameworksBuildPhase section */

/* Begin PBXGroup section */
		080368E2248A630200D1413C /* FunnelChart */ = {
			isa = PBXGroup;
			children = (
				080368E3248A637100D1413C /* FunalFloorBackagroundView.swift */,
				080368E5248A63EA00D1413C /* FunalFloorBackagroundViewConfigure.swift */,
				080368E7248A7BE300D1413C /* FunalFloorView.swift */,
				080368E9248A7C0C00D1413C /* FunalFloorViewConfigure.swift */,
				080368ED248A849700D1413C /* FunalView.swift */,
				080368EF248A84C100D1413C /* FunalViewConfigure.swift */,
				0876A4E3248CCCE40015289B /* FunalChartParameters.swift */,
			);
			path = FunnelChart;
			sourceTree = "<group>";
		};
		082E7BEB24A0C8FF00FF1F8B /* RadarChart */ = {
			isa = PBXGroup;
			children = (
				082E7BEC24A0C92900FF1F8B /* RadarBackgroundView.swift */,
				082E7BEE24A0C93B00FF1F8B /* RadarBackgroundViewConfigure.swift */,
				082E7BF024A0D9E100FF1F8B /* RadarDataView.swift */,
				082E7BF224A0D9F000FF1F8B /* RadarDataViewConfigure.swift */,
				F501A68924A1EAB6007FD6DF /* RadarChartView.swift */,
				F501A68B24A1EACA007FD6DF /* RadarChartViewConfigure.swift */,
				F501A68D24A235BB007FD6DF /* RadarChartParameters.swift */,
			);
			path = RadarChart;
			sourceTree = "<group>";
		};
		0832B5262489FED000110CBA = {
			isa = PBXGroup;
			children = (
				0832B5312489FED000110CBA /* LiteChart */,
				0832B5462489FF0A00110CBA /* Sources */,
				0832B5302489FED000110CBA /* Products */,
				CEBBA2BFCC3C0EF32173DC16 /* Pods */,
				3B66F43B29CBCCC5B032BC7D /* Frameworks */,
			);
			sourceTree = "<group>";
		};
		0832B5302489FED000110CBA /* Products */ = {
			isa = PBXGroup;
			children = (
				0832B52F2489FED000110CBA /* LiteChart.app */,
			);
			name = Products;
			sourceTree = "<group>";
		};
		0832B5312489FED000110CBA /* LiteChart */ = {
			isa = PBXGroup;
			children = (
				0832B5322489FED000110CBA /* AppDelegate.swift */,
				0832B5342489FED000110CBA /* SceneDelegate.swift */,
				0832B5362489FED000110CBA /* ViewController.swift */,
				0832B5382489FED000110CBA /* Main.storyboard */,
				0832B53B2489FED100110CBA /* Assets.xcassets */,
				0832B53D2489FED100110CBA /* LaunchScreen.storyboard */,
				0832B5402489FED100110CBA /* Info.plist */,
			);
			path = LiteChart;
			sourceTree = "<group>";
		};
		0832B5462489FF0A00110CBA /* Sources */ = {
			isa = PBXGroup;
			children = (
				087DEA8B248E7353001A40B9 /* LiteChart */,
				083BC8E3249085AB000B8DDE /* Axis */,
				082E7BEB24A0C8FF00FF1F8B /* RadarChart */,
				08D6299F249CEF6B0039AF6A /* BubbleChart */,
				08D6299E249CEEDB0039AF6A /* ScatterPlotChart */,
				08596E2D2499133900A3FC18 /* LineChart */,
				083BC8E224907C83000B8DDE /* BarChart */,
				08386C1C248E109500D0E655 /* PieChart */,
				080368E2248A630200D1413C /* FunnelChart */,
				08386C25248E51F300D0E655 /* Notification */,
				08386C19248DD91000D0E655 /* ChartError */,
				08A756BD249DC20400BAEBC1 /* PointsView */,
				0876A4E5248CD1290015289B /* DisplayDataMode */,
				0866FDC02489FF4E004AF645 /* Color */,
				0866FDBE2489FF4E004AF645 /* DisplayLabel */,
				08F56E5C248B52D3000998F8 /* Legend */,
				0839B64124FBC19800E59F6B /* Tool */,
			);
			path = Sources;
			sourceTree = "<group>";
		};
		08386C19248DD91000D0E655 /* ChartError */ = {
			isa = PBXGroup;
			children = (
				08386C1A248DD97100D0E655 /* ChartError.swift */,
			);
			path = ChartError;
			sourceTree = "<group>";
		};
		08386C1C248E109500D0E655 /* PieChart */ = {
			isa = PBXGroup;
			children = (
				08386C1D248E12B700D0E655 /* PieSectorView.swift */,
				08386C1F248E12E300D0E655 /* PieSectorViewConfigure.swift */,
				08386C21248E236A00D0E655 /* PieView.swift */,
				08386C23248E238500D0E655 /* PieViewConfigure.swift */,
				08386C28248E57AF00D0E655 /* PieViews.swift */,
				08386C2A248E580400D0E655 /* PieViewsConfigure.swift */,
				F5DFCC87248F88B900FB000C /* PieChartParameters.swift */,
			);
			path = PieChart;
			sourceTree = "<group>";
		};
		08386C25248E51F300D0E655 /* Notification */ = {
			isa = PBXGroup;
			children = (
				08386C26248E521200D0E655 /* Notification+PieSectorView.swift */,
				0876ADBA24FE18110089A34D /* Notification+SyncLabel.swift */,
				08A5449525221C3700772F65 /* Notification+RadarView.swift */,
			);
			path = Notification;
			sourceTree = "<group>";
		};
		0839B64124FBC19800E59F6B /* Tool */ = {
			isa = PBXGroup;
			children = (
				0839B64224FBC1C700E59F6B /* LiteChartDispatchQueue.swift */,
			);
			path = Tool;
			sourceTree = "<group>";
		};
		083BC8E224907C83000B8DDE /* BarChart */ = {
			isa = PBXGroup;
			children = (
				08FF1A0D2491D67300AE05F9 /* BarView.swift */,
				08FF1A0F2491D75300AE05F9 /* BarViewConfigure.swift */,
				08FF1A112491E18400AE05F9 /* BarViews.swift */,
				08FF1A132491E29900AE05F9 /* BarViewsConfigure.swift */,
				085CFE7624920C4B008E0E0E /* BarChartDirection.swift */,
				08FF1A152492030F00AE05F9 /* BarChartView.swift */,
				08FF1A192492037200AE05F9 /* BarChartViewConfigure.swift */,
				08FF1A172492034900AE05F9 /* BarChartParameter.swift */,
			);
			path = BarChart;
			sourceTree = "<group>";
		};
		083BC8E3249085AB000B8DDE /* Axis */ = {
			isa = PBXGroup;
			children = (
				083BC8E4249085BC000B8DDE /* AxisView.swift */,
				083BC8E62490865E000B8DDE /* AxisViewConfigure.swift */,
				083BC8EC24908A50000B8DDE /* AxisDividingLineConfigure.swift */,
				083BC8EA24908974000B8DDE /* AxisViewLineStyle.swift */,
				083BC8EE2490C260000B8DDE /* AxisViewBorderStyle.swift */,
				08F2ACCC25230CF0009D9D55 /* AxisViewBorderMaskLayerDelegate.swift */,
				08F2ACCF252319F3009D9D55 /* AxisViewContentLayerDelegate.swift */,
			);
			path = Axis;
			sourceTree = "<group>";
		};
		08596E2D2499133900A3FC18 /* LineChart */ = {
			isa = PBXGroup;
			children = (
				08596E2E2499145400A3FC18 /* LineView.swift */,
				08596E302499145F00A3FC18 /* LineViewConfigure.swift */,
				08596E322499156200A3FC18 /* LineStyle.swift */,
				088A2588249A233C00B533D3 /* LineViews.swift */,
				088A258A249A235700B533D3 /* LineViewsConfigure.swift */,
				088A258C249A257300B533D3 /* LineChartView.swift */,
				088A258E249A25F600B533D3 /* LineChartViewConfigure.swift */,
				F565C5EE249A5F95009527E0 /* LineChartParameters.swift */,
			);
			path = LineChart;
			sourceTree = "<group>";
		};
		0866FDBE2489FF4E004AF645 /* DisplayLabel */ = {
			isa = PBXGroup;
			children = (
				0866FDBF2489FF4E004AF645 /* DisplayLabel.swift */,
				085787622498780300A95D16 /* DisplayLabelTextDirection.swift */,
				080368EB248A7D5E00D1413C /* DisplayLabelConfigure.swift */,
				0876ADB024FCC56E0089A34D /* DisplayLabelSyncIdentifier.swift */,
				0876ADB424FD526D0089A34D /* DisplayLabelSyncCenter.swift */,
				0876ADB824FDD47C0089A34D /* WeakObjectPackage.swift */,
			);
			path = DisplayLabel;
			sourceTree = "<group>";
		};
		0866FDC02489FF4E004AF645 /* Color */ = {
			isa = PBXGroup;
			children = (
				0866FDC12489FF4E004AF645 /* UIColor+Utilities.swift */,
				0866FDC22489FF4E004AF645 /* LiteChartDarkLightColor.swift */,
				0866FDC32489FF4E004AF645 /* LiteChartColor.swift */,
			);
			path = Color;
			sourceTree = "<group>";
		};
		0876A4E5248CD1290015289B /* DisplayDataMode */ = {
			isa = PBXGroup;
			children = (
				08D0D465248F1CBB00E03C4B /* ChartTitleDisplayLocation.swift */,
				0876A4E6248CD4110015289B /* ChartValueDisplayMode.swift */,
			);
			path = DisplayDataMode;
			sourceTree = "<group>";
		};
		087DEA8B248E7353001A40B9 /* LiteChart */ = {
			isa = PBXGroup;
			children = (
				087DEA8C248E736A001A40B9 /* LiteChartView.swift */,
				087DEA95248E7D6B001A40B9 /* LiteChartDatas.swift */,
				087DEA8E248E7571001A40B9 /* LiteChartViewParameters.swift */,
				087DEA97248E824F001A40B9 /* LiteChartParametersProcesser.swift */,
				085CFE7824922D4C008E0E0E /* LiteChartViewBorderStyle.swift */,
			);
			path = LiteChart;
			sourceTree = "<group>";
		};
		08A756BD249DC20400BAEBC1 /* PointsView */ = {
			isa = PBXGroup;
			children = (
				08A756BE249DC23600BAEBC1 /* PointsView.swift */,
				08A756C0249DC25500BAEBC1 /* PointsViewConfigure.swift */,
				08A756C2249DC2EC00BAEBC1 /* PointConfigure.swift */,
				08A756C4249DDB2B00BAEBC1 /* PointViews.swift */,
				08A756C6249DDB3900BAEBC1 /* PointViewsConfigure.swift */,
				08A756C8249DDC9E00BAEBC1 /* PlotChartView.swift */,
				08A756CA249DDCFC00BAEBC1 /* PlotChartViewConfigure.swift */,
			);
			path = PointsView;
			sourceTree = "<group>";
		};
		08D6299E249CEEDB0039AF6A /* ScatterPlotChart */ = {
			isa = PBXGroup;
			children = (
				08A756CC249DEA4200BAEBC1 /* ScatterPlotChartParameters.swift */,
			);
			path = ScatterPlotChart;
			sourceTree = "<group>";
		};
		08D6299F249CEF6B0039AF6A /* BubbleChart */ = {
			isa = PBXGroup;
			children = (
				08074263249E051E0024D488 /* BubbleChartParameters.swift */,
			);
			path = BubbleChart;
			sourceTree = "<group>";
		};
		08F56E5C248B52D3000998F8 /* Legend */ = {
			isa = PBXGroup;
			children = (
				08F56E5D248B52F4000998F8 /* Legend.swift */,
				08F56E61248B534B000998F8 /* LegendConfigure.swift */,
				08F56E5F248B532F000998F8 /* SquareLegend.swift */,
				F56C1938249863BE00A002AE /* TriangleLegend.swift */,
				F56C193A24986AD800A002AE /* CircleLegend.swift */,
				F56C193C2498713F00A002AE /* PentagramLegend.swift */,
				F56C193E249874C100A002AE /* HexagonLegend.swift */,
				08F56E65248B6C7F000998F8 /* LegendView.swift */,
				08F56E67248B6C8C000998F8 /* LegendViewConfigure.swift */,
				08F56E69248B77B0000998F8 /* LegendViews.swift */,
				08F56E6B248B77CF000998F8 /* LegendViewsConfigure.swift */,
				08433EB324E394BB0089FB6D /* LegendFactory.swift */,
			);
			path = Legend;
			sourceTree = "<group>";
		};
		3B66F43B29CBCCC5B032BC7D /* Frameworks */ = {
			isa = PBXGroup;
			children = (
				931E2C31F17A820D52C1B523 /* Pods_LiteChart.framework */,
			);
			name = Frameworks;
			sourceTree = "<group>";
		};
		CEBBA2BFCC3C0EF32173DC16 /* Pods */ = {
			isa = PBXGroup;
			children = (
				3F4ADBC0C25B32D99135C5E9 /* Pods-LiteChart.debug.xcconfig */,
				43F7A81B793962FBDD890E0A /* Pods-LiteChart.release.xcconfig */,
			);
			path = Pods;
			sourceTree = "<group>";
		};
/* End PBXGroup section */

/* Begin PBXNativeTarget section */
		0832B52E2489FED000110CBA /* LiteChart */ = {
			isa = PBXNativeTarget;
			buildConfigurationList = 0832B5432489FED100110CBA /* Build configuration list for PBXNativeTarget "LiteChart" */;
			buildPhases = (
				DB5197DE0A48A9DADC2AC943 /* [CP] Check Pods Manifest.lock */,
				0832B52B2489FED000110CBA /* Sources */,
				0832B52C2489FED000110CBA /* Frameworks */,
				0832B52D2489FED000110CBA /* Resources */,
				0A44AA40A8E4075F124EACC2 /* [CP] Embed Pods Frameworks */,
			);
			buildRules = (
			);
			dependencies = (
			);
			name = LiteChart;
			productName = LiteChart;
			productReference = 0832B52F2489FED000110CBA /* LiteChart.app */;
			productType = "com.apple.product-type.application";
		};
/* End PBXNativeTarget section */

/* Begin PBXProject section */
		0832B5272489FED000110CBA /* Project object */ = {
			isa = PBXProject;
			attributes = {
				LastSwiftUpdateCheck = 1150;
				LastUpgradeCheck = 1200;
				ORGANIZATIONNAME = "刘洋";
				TargetAttributes = {
					0832B52E2489FED000110CBA = {
						CreatedOnToolsVersion = 11.5;
					};
				};
			};
			buildConfigurationList = 0832B52A2489FED000110CBA /* Build configuration list for PBXProject "LiteChart" */;
			compatibilityVersion = "Xcode 9.3";
			developmentRegion = en;
			hasScannedForEncodings = 0;
			knownRegions = (
				en,
				Base,
			);
			mainGroup = 0832B5262489FED000110CBA;
			productRefGroup = 0832B5302489FED000110CBA /* Products */;
			projectDirPath = "";
			projectRoot = "";
			targets = (
				0832B52E2489FED000110CBA /* LiteChart */,
			);
		};
/* End PBXProject section */

/* Begin PBXResourcesBuildPhase section */
		0832B52D2489FED000110CBA /* Resources */ = {
			isa = PBXResourcesBuildPhase;
			buildActionMask = 2147483647;
			files = (
				0832B53F2489FED100110CBA /* LaunchScreen.storyboard in Resources */,
				0832B53C2489FED100110CBA /* Assets.xcassets in Resources */,
				0832B53A2489FED000110CBA /* Main.storyboard in Resources */,
			);
			runOnlyForDeploymentPostprocessing = 0;
		};
/* End PBXResourcesBuildPhase section */

/* Begin PBXShellScriptBuildPhase section */
		0A44AA40A8E4075F124EACC2 /* [CP] Embed Pods Frameworks */ = {
			isa = PBXShellScriptBuildPhase;
			buildActionMask = 2147483647;
			files = (
			);
			inputFileListPaths = (
				"${PODS_ROOT}/Target Support Files/Pods-LiteChart/Pods-LiteChart-frameworks-${CONFIGURATION}-input-files.xcfilelist",
			);
			name = "[CP] Embed Pods Frameworks";
			outputFileListPaths = (
				"${PODS_ROOT}/Target Support Files/Pods-LiteChart/Pods-LiteChart-frameworks-${CONFIGURATION}-output-files.xcfilelist",
			);
			runOnlyForDeploymentPostprocessing = 0;
			shellPath = /bin/sh;
			shellScript = "\"${PODS_ROOT}/Target Support Files/Pods-LiteChart/Pods-LiteChart-frameworks.sh\"\n";
			showEnvVarsInLog = 0;
		};
		DB5197DE0A48A9DADC2AC943 /* [CP] Check Pods Manifest.lock */ = {
			isa = PBXShellScriptBuildPhase;
			buildActionMask = 2147483647;
			files = (
			);
			inputFileListPaths = (
			);
			inputPaths = (
				"${PODS_PODFILE_DIR_PATH}/Podfile.lock",
				"${PODS_ROOT}/Manifest.lock",
			);
			name = "[CP] Check Pods Manifest.lock";
			outputFileListPaths = (
			);
			outputPaths = (
				"$(DERIVED_FILE_DIR)/Pods-LiteChart-checkManifestLockResult.txt",
			);
			runOnlyForDeploymentPostprocessing = 0;
			shellPath = /bin/sh;
			shellScript = "diff \"${PODS_PODFILE_DIR_PATH}/Podfile.lock\" \"${PODS_ROOT}/Manifest.lock\" > /dev/null\nif [ $? != 0 ] ; then\n    # print error to STDERR\n    echo \"error: The sandbox is not in sync with the Podfile.lock. Run 'pod install' or update your CocoaPods installation.\" >&2\n    exit 1\nfi\n# This output is used by Xcode 'outputs' to avoid re-running this script phase.\necho \"SUCCESS\" > \"${SCRIPT_OUTPUT_FILE_0}\"\n";
			showEnvVarsInLog = 0;
		};
/* End PBXShellScriptBuildPhase section */

/* Begin PBXSourcesBuildPhase section */
		0832B52B2489FED000110CBA /* Sources */ = {
			isa = PBXSourcesBuildPhase;
			buildActionMask = 2147483647;
			files = (
				0866FDC52489FF4E004AF645 /* UIColor+Utilities.swift in Sources */,
				087DEA8D248E736A001A40B9 /* LiteChartView.swift in Sources */,
				F501A68C24A1EACA007FD6DF /* RadarChartViewConfigure.swift in Sources */,
				F565C5EF249A5F95009527E0 /* LineChartParameters.swift in Sources */,
				087DEA98248E824F001A40B9 /* LiteChartParametersProcesser.swift in Sources */,
				0876ADBB24FE18110089A34D /* Notification+SyncLabel.swift in Sources */,
				08F2ACCD25230CF0009D9D55 /* AxisViewBorderMaskLayerDelegate.swift in Sources */,
				08A5449625221C3700772F65 /* Notification+RadarView.swift in Sources */,
				08F56E5E248B52F4000998F8 /* Legend.swift in Sources */,
				08F56E6A248B77B0000998F8 /* LegendViews.swift in Sources */,
				085CFE7924922D4C008E0E0E /* LiteChartViewBorderStyle.swift in Sources */,
				087DEA96248E7D6B001A40B9 /* LiteChartDatas.swift in Sources */,
				0832B5372489FED000110CBA /* ViewController.swift in Sources */,
				08386C27248E521200D0E655 /* Notification+PieSectorView.swift in Sources */,
				083BC8E72490865E000B8DDE /* AxisViewConfigure.swift in Sources */,
				F56C193D2498713F00A002AE /* PentagramLegend.swift in Sources */,
				08FF1A182492034900AE05F9 /* BarChartParameter.swift in Sources */,
				085CFE7724920C4B008E0E0E /* BarChartDirection.swift in Sources */,
				080368EC248A7D5E00D1413C /* DisplayLabelConfigure.swift in Sources */,
				0839B64324FBC1C700E59F6B /* LiteChartDispatchQueue.swift in Sources */,
				080368E6248A63EA00D1413C /* FunalFloorBackagroundViewConfigure.swift in Sources */,
				08386C20248E12E300D0E655 /* PieSectorViewConfigure.swift in Sources */,
				08A756BF249DC23600BAEBC1 /* PointsView.swift in Sources */,
				082E7BEF24A0C93B00FF1F8B /* RadarBackgroundViewConfigure.swift in Sources */,
				088A2589249A233C00B533D3 /* LineViews.swift in Sources */,
				080368F0248A84C100D1413C /* FunalViewConfigure.swift in Sources */,
				08074264249E051E0024D488 /* BubbleChartParameters.swift in Sources */,
				08596E2F2499145400A3FC18 /* LineView.swift in Sources */,
				F56C1939249863BE00A002AE /* TriangleLegend.swift in Sources */,
				083BC8EF2490C260000B8DDE /* AxisViewBorderStyle.swift in Sources */,
				0832B5332489FED000110CBA /* AppDelegate.swift in Sources */,
				083BC8EB24908974000B8DDE /* AxisViewLineStyle.swift in Sources */,
				0876A4E7248CD4110015289B /* ChartValueDisplayMode.swift in Sources */,
				F501A68A24A1EAB6007FD6DF /* RadarChartView.swift in Sources */,
				0876A4E4248CCCE40015289B /* FunalChartParameters.swift in Sources */,
				08A756C3249DC2EC00BAEBC1 /* PointConfigure.swift in Sources */,
				082E7BED24A0C92900FF1F8B /* RadarBackgroundView.swift in Sources */,
				0866FDC72489FF4E004AF645 /* LiteChartColor.swift in Sources */,
				08596E312499145F00A3FC18 /* LineViewConfigure.swift in Sources */,
				08A756C9249DDC9E00BAEBC1 /* PlotChartView.swift in Sources */,
				08FF1A0E2491D67300AE05F9 /* BarView.swift in Sources */,
				08F2ACD0252319F4009D9D55 /* AxisViewContentLayerDelegate.swift in Sources */,
				F501A68E24A235BB007FD6DF /* RadarChartParameters.swift in Sources */,
				08386C22248E236A00D0E655 /* PieView.swift in Sources */,
				088A258F249A25F600B533D3 /* LineChartViewConfigure.swift in Sources */,
				0866FDC62489FF4E004AF645 /* LiteChartDarkLightColor.swift in Sources */,
				08FF1A162492030F00AE05F9 /* BarChartView.swift in Sources */,
				08A756CD249DEA4200BAEBC1 /* ScatterPlotChartParameters.swift in Sources */,
				080368E8248A7BE300D1413C /* FunalFloorView.swift in Sources */,
				080368EE248A849700D1413C /* FunalView.swift in Sources */,
				080368EA248A7C0C00D1413C /* FunalFloorViewConfigure.swift in Sources */,
				0832B5352489FED000110CBA /* SceneDelegate.swift in Sources */,
				08386C29248E57AF00D0E655 /* PieViews.swift in Sources */,
				08433EB424E394BC0089FB6D /* LegendFactory.swift in Sources */,
				083BC8E5249085BC000B8DDE /* AxisView.swift in Sources */,
				08FF1A122491E18400AE05F9 /* BarViews.swift in Sources */,
				F5DFCC88248F88B900FB000C /* PieChartParameters.swift in Sources */,
				083BC8ED24908A50000B8DDE /* AxisDividingLineConfigure.swift in Sources */,
				08596E332499156200A3FC18 /* LineStyle.swift in Sources */,
				F56C193F249874C100A002AE /* HexagonLegend.swift in Sources */,
				08F56E60248B532F000998F8 /* SquareLegend.swift in Sources */,
				08A756C7249DDB3900BAEBC1 /* PointViewsConfigure.swift in Sources */,
				08D0D466248F1CBB00E03C4B /* ChartTitleDisplayLocation.swift in Sources */,
				0876ADB524FD526D0089A34D /* DisplayLabelSyncCenter.swift in Sources */,
				08386C2B248E580400D0E655 /* PieViewsConfigure.swift in Sources */,
				0876ADB924FDD47C0089A34D /* WeakObjectPackage.swift in Sources */,
				08F56E6C248B77CF000998F8 /* LegendViewsConfigure.swift in Sources */,
				08FF1A1A2492037200AE05F9 /* BarChartViewConfigure.swift in Sources */,
				08FF1A142491E29900AE05F9 /* BarViewsConfigure.swift in Sources */,
				088A258B249A235700B533D3 /* LineViewsConfigure.swift in Sources */,
				08F56E62248B534B000998F8 /* LegendConfigure.swift in Sources */,
				08F56E68248B6C8C000998F8 /* LegendViewConfigure.swift in Sources */,
				08A756C5249DDB2B00BAEBC1 /* PointViews.swift in Sources */,
				F56C193B24986AD800A002AE /* CircleLegend.swift in Sources */,
				08386C24248E238500D0E655 /* PieViewConfigure.swift in Sources */,
				08A756CB249DDCFC00BAEBC1 /* PlotChartViewConfigure.swift in Sources */,
				0866FDC42489FF4E004AF645 /* DisplayLabel.swift in Sources */,
				082E7BF324A0D9F000FF1F8B /* RadarDataViewConfigure.swift in Sources */,
				08386C1B248DD97100D0E655 /* ChartError.swift in Sources */,
				0876ADB124FCC56E0089A34D /* DisplayLabelSyncIdentifier.swift in Sources */,
				080368E4248A637100D1413C /* FunalFloorBackagroundView.swift in Sources */,
				08F56E66248B6C7F000998F8 /* LegendView.swift in Sources */,
				082E7BF124A0D9E100FF1F8B /* RadarDataView.swift in Sources */,
				08A756C1249DC25500BAEBC1 /* PointsViewConfigure.swift in Sources */,
				08386C1E248E12B700D0E655 /* PieSectorView.swift in Sources */,
				087DEA8F248E7571001A40B9 /* LiteChartViewParameters.swift in Sources */,
				088A258D249A257300B533D3 /* LineChartView.swift in Sources */,
				085787632498780300A95D16 /* DisplayLabelTextDirection.swift in Sources */,
				08FF1A102491D75300AE05F9 /* BarViewConfigure.swift in Sources */,
			);
			runOnlyForDeploymentPostprocessing = 0;
		};
/* End PBXSourcesBuildPhase section */

/* Begin PBXVariantGroup section */
		0832B5382489FED000110CBA /* Main.storyboard */ = {
			isa = PBXVariantGroup;
			children = (
				0832B5392489FED000110CBA /* Base */,
			);
			name = Main.storyboard;
			sourceTree = "<group>";
		};
		0832B53D2489FED100110CBA /* LaunchScreen.storyboard */ = {
			isa = PBXVariantGroup;
			children = (
				0832B53E2489FED100110CBA /* Base */,
			);
			name = LaunchScreen.storyboard;
			sourceTree = "<group>";
		};
/* End PBXVariantGroup section */

/* Begin XCBuildConfiguration section */
		0832B5412489FED100110CBA /* Debug */ = {
			isa = XCBuildConfiguration;
			buildSettings = {
				ALWAYS_SEARCH_USER_PATHS = NO;
				CLANG_ANALYZER_NONNULL = YES;
				CLANG_ANALYZER_NUMBER_OBJECT_CONVERSION = YES_AGGRESSIVE;
				CLANG_CXX_LANGUAGE_STANDARD = "gnu++14";
				CLANG_CXX_LIBRARY = "libc++";
				CLANG_ENABLE_MODULES = YES;
				CLANG_ENABLE_OBJC_ARC = YES;
				CLANG_ENABLE_OBJC_WEAK = YES;
				CLANG_WARN_BLOCK_CAPTURE_AUTORELEASING = YES;
				CLANG_WARN_BOOL_CONVERSION = YES;
				CLANG_WARN_COMMA = YES;
				CLANG_WARN_CONSTANT_CONVERSION = YES;
				CLANG_WARN_DEPRECATED_OBJC_IMPLEMENTATIONS = YES;
				CLANG_WARN_DIRECT_OBJC_ISA_USAGE = YES_ERROR;
				CLANG_WARN_DOCUMENTATION_COMMENTS = YES;
				CLANG_WARN_EMPTY_BODY = YES;
				CLANG_WARN_ENUM_CONVERSION = YES;
				CLANG_WARN_INFINITE_RECURSION = YES;
				CLANG_WARN_INT_CONVERSION = YES;
				CLANG_WARN_NON_LITERAL_NULL_CONVERSION = YES;
				CLANG_WARN_OBJC_IMPLICIT_RETAIN_SELF = YES;
				CLANG_WARN_OBJC_LITERAL_CONVERSION = YES;
				CLANG_WARN_OBJC_ROOT_CLASS = YES_ERROR;
				CLANG_WARN_RANGE_LOOP_ANALYSIS = YES;
				CLANG_WARN_STRICT_PROTOTYPES = YES;
				CLANG_WARN_SUSPICIOUS_MOVE = YES;
				CLANG_WARN_UNGUARDED_AVAILABILITY = YES_AGGRESSIVE;
				CLANG_WARN_UNREACHABLE_CODE = YES;
				CLANG_WARN__DUPLICATE_METHOD_MATCH = YES;
				COPY_PHASE_STRIP = NO;
				DEBUG_INFORMATION_FORMAT = dwarf;
				ENABLE_STRICT_OBJC_MSGSEND = YES;
				ENABLE_TESTABILITY = YES;
				GCC_C_LANGUAGE_STANDARD = gnu11;
				GCC_DYNAMIC_NO_PIC = NO;
				GCC_NO_COMMON_BLOCKS = YES;
				GCC_OPTIMIZATION_LEVEL = 0;
				GCC_PREPROCESSOR_DEFINITIONS = (
					"DEBUG=1",
					"$(inherited)",
				);
				GCC_WARN_64_TO_32_BIT_CONVERSION = YES;
				GCC_WARN_ABOUT_RETURN_TYPE = YES_ERROR;
				GCC_WARN_UNDECLARED_SELECTOR = YES;
				GCC_WARN_UNINITIALIZED_AUTOS = YES_AGGRESSIVE;
				GCC_WARN_UNUSED_FUNCTION = YES;
				GCC_WARN_UNUSED_VARIABLE = YES;
				IPHONEOS_DEPLOYMENT_TARGET = 13.0;
				MTL_ENABLE_DEBUG_INFO = INCLUDE_SOURCE;
				MTL_FAST_MATH = YES;
				ONLY_ACTIVE_ARCH = YES;
				SDKROOT = iphoneos;
				SWIFT_ACTIVE_COMPILATION_CONDITIONS = DEBUG;
				SWIFT_OPTIMIZATION_LEVEL = "-Onone";
			};
			name = Debug;
		};
		0832B5422489FED100110CBA /* Release */ = {
			isa = XCBuildConfiguration;
			buildSettings = {
				ALWAYS_SEARCH_USER_PATHS = NO;
				CLANG_ANALYZER_NONNULL = YES;
				CLANG_ANALYZER_NUMBER_OBJECT_CONVERSION = YES_AGGRESSIVE;
				CLANG_CXX_LANGUAGE_STANDARD = "gnu++14";
				CLANG_CXX_LIBRARY = "libc++";
				CLANG_ENABLE_MODULES = YES;
				CLANG_ENABLE_OBJC_ARC = YES;
				CLANG_ENABLE_OBJC_WEAK = YES;
				CLANG_WARN_BLOCK_CAPTURE_AUTORELEASING = YES;
				CLANG_WARN_BOOL_CONVERSION = YES;
				CLANG_WARN_COMMA = YES;
				CLANG_WARN_CONSTANT_CONVERSION = YES;
				CLANG_WARN_DEPRECATED_OBJC_IMPLEMENTATIONS = YES;
				CLANG_WARN_DIRECT_OBJC_ISA_USAGE = YES_ERROR;
				CLANG_WARN_DOCUMENTATION_COMMENTS = YES;
				CLANG_WARN_EMPTY_BODY = YES;
				CLANG_WARN_ENUM_CONVERSION = YES;
				CLANG_WARN_INFINITE_RECURSION = YES;
				CLANG_WARN_INT_CONVERSION = YES;
				CLANG_WARN_NON_LITERAL_NULL_CONVERSION = YES;
				CLANG_WARN_OBJC_IMPLICIT_RETAIN_SELF = YES;
				CLANG_WARN_OBJC_LITERAL_CONVERSION = YES;
				CLANG_WARN_OBJC_ROOT_CLASS = YES_ERROR;
				CLANG_WARN_RANGE_LOOP_ANALYSIS = YES;
				CLANG_WARN_STRICT_PROTOTYPES = YES;
				CLANG_WARN_SUSPICIOUS_MOVE = YES;
				CLANG_WARN_UNGUARDED_AVAILABILITY = YES_AGGRESSIVE;
				CLANG_WARN_UNREACHABLE_CODE = YES;
				CLANG_WARN__DUPLICATE_METHOD_MATCH = YES;
				COPY_PHASE_STRIP = NO;
				DEBUG_INFORMATION_FORMAT = "dwarf-with-dsym";
				ENABLE_NS_ASSERTIONS = NO;
				ENABLE_STRICT_OBJC_MSGSEND = YES;
				GCC_C_LANGUAGE_STANDARD = gnu11;
				GCC_NO_COMMON_BLOCKS = YES;
				GCC_WARN_64_TO_32_BIT_CONVERSION = YES;
				GCC_WARN_ABOUT_RETURN_TYPE = YES_ERROR;
				GCC_WARN_UNDECLARED_SELECTOR = YES;
				GCC_WARN_UNINITIALIZED_AUTOS = YES_AGGRESSIVE;
				GCC_WARN_UNUSED_FUNCTION = YES;
				GCC_WARN_UNUSED_VARIABLE = YES;
				IPHONEOS_DEPLOYMENT_TARGET = 13.0;
				MTL_ENABLE_DEBUG_INFO = NO;
				MTL_FAST_MATH = YES;
				SDKROOT = iphoneos;
				SWIFT_COMPILATION_MODE = wholemodule;
				SWIFT_OPTIMIZATION_LEVEL = "-O";
				VALIDATE_PRODUCT = YES;
			};
			name = Release;
		};
		0832B5442489FED100110CBA /* Debug */ = {
			isa = XCBuildConfiguration;
			baseConfigurationReference = 3F4ADBC0C25B32D99135C5E9 /* Pods-LiteChart.debug.xcconfig */;
			buildSettings = {
				ASSETCATALOG_COMPILER_APPICON_NAME = AppIcon;
				CODE_SIGN_STYLE = Automatic;
				DEVELOPMENT_TEAM = S2ENC7U2PH;
				INFOPLIST_FILE = LiteChart/Info.plist;
				IPHONEOS_DEPLOYMENT_TARGET = 13.0;
				LD_RUNPATH_SEARCH_PATHS = (
					"$(inherited)",
					"@executable_path/Frameworks",
				);
				PRODUCT_BUNDLE_IDENTIFIER = com.token.LiteChart;
				PRODUCT_NAME = "$(TARGET_NAME)";
				SWIFT_VERSION = 5.0;
				TARGETED_DEVICE_FAMILY = 1;
			};
			name = Debug;
		};
		0832B5452489FED100110CBA /* Release */ = {
			isa = XCBuildConfiguration;
			baseConfigurationReference = 43F7A81B793962FBDD890E0A /* Pods-LiteChart.release.xcconfig */;
			buildSettings = {
				ASSETCATALOG_COMPILER_APPICON_NAME = AppIcon;
				CODE_SIGN_STYLE = Automatic;
				DEVELOPMENT_TEAM = S2ENC7U2PH;
				INFOPLIST_FILE = LiteChart/Info.plist;
				IPHONEOS_DEPLOYMENT_TARGET = 13.0;
				LD_RUNPATH_SEARCH_PATHS = (
					"$(inherited)",
					"@executable_path/Frameworks",
				);
				PRODUCT_BUNDLE_IDENTIFIER = com.token.LiteChart;
				PRODUCT_NAME = "$(TARGET_NAME)";
				SWIFT_VERSION = 5.0;
				TARGETED_DEVICE_FAMILY = 1;
			};
			name = Release;
		};
/* End XCBuildConfiguration section */

/* Begin XCConfigurationList section */
		0832B52A2489FED000110CBA /* Build configuration list for PBXProject "LiteChart" */ = {
			isa = XCConfigurationList;
			buildConfigurations = (
				0832B5412489FED100110CBA /* Debug */,
				0832B5422489FED100110CBA /* Release */,
			);
			defaultConfigurationIsVisible = 0;
			defaultConfigurationName = Release;
		};
		0832B5432489FED100110CBA /* Build configuration list for PBXNativeTarget "LiteChart" */ = {
			isa = XCConfigurationList;
			buildConfigurations = (
				0832B5442489FED100110CBA /* Debug */,
				0832B5452489FED100110CBA /* Release */,
			);
			defaultConfigurationIsVisible = 0;
			defaultConfigurationName = Release;
		};
/* End XCConfigurationList section */
	};
	rootObject = 0832B5272489FED000110CBA /* Project object */;
}
